
Microsoft Visual Studio Solution File, Format Version 12.00
# Visual Studio Version 16
VisualStudioVersion = 16.0.29215.179
MinimumVisualStudioVersion = 10.0.40219.1
Project("{FAE04EC0-301F-11D3-BF4B-00C04F79EFBC}") = "Module3_8_2", "Module3_8_2\Module3_8_2.csproj", "{9047CA7A-5B75-43D9-B20C-A213B70A5CE6}"
EndProject
Global
	GlobalSection(SolutionConfigurationPlatforms) = preSolution
		Debug|Any CPU = Debug|Any CPU
		Release|Any CPU = Release|Any CPU
	EndGlobalSection
	GlobalSection(ProjectConfigurationPlatforms) = postSolution
		{9047CA7A-5B75-43D9-B20C-A213B70A5CE6}.Debug|Any CPU.ActiveCfg = Debug|Any CPU
		{9047CA7A-5B75-43D9-B20C-A213B70A5CE6}.Debug|Any CPU.Build.0 = Debug|Any CPU
		{9047CA7A-5B75-43D9-B20C-A213B70A5CE6}.Release|Any CPU.ActiveCfg = Release|Any CPU
		{9047CA7A-5B75-43D9-B20C-A213B70A5CE6}.Release|Any CPU.Build.0 = Release|Any CPU
	EndGlobalSection
	GlobalSection(SolutionProperties) = preSolution
		HideSolutionNode = FALSE
	EndGlobalSection
	GlobalSection(ExtensibilityGlobals) = postSolution
		SolutionGuid = {2CB651CB-7F3C-4161-808A-FD75D6DBDAA0}
	EndGlobalSection
EndGlobal
