
Microsoft Visual Studio Solution File, Format Version 12.00
# Visual Studio Version 16
VisualStudioVersion = 16.0.29403.142
MinimumVisualStudioVersion = 10.0.40219.1
Project("{FAE04EC0-301F-11D3-BF4B-00C04F79EFBC}") = "Module1_1", "Module1_1\Module1_1.csproj", "{D6BA7AF4-34EB-466F-8FD7-F714D141FBFC}"
EndProject
Global
	GlobalSection(SolutionConfigurationPlatforms) = preSolution
		Debug|Any CPU = Debug|Any CPU
		Release|Any CPU = Release|Any CPU
	EndGlobalSection
	GlobalSection(ProjectConfigurationPlatforms) = postSolution
		{D6BA7AF4-34EB-466F-8FD7-F714D141FBFC}.Debug|Any CPU.ActiveCfg = Debug|Any CPU
		{D6BA7AF4-34EB-466F-8FD7-F714D141FBFC}.Debug|Any CPU.Build.0 = Debug|Any CPU
		{D6BA7AF4-34EB-466F-8FD7-F714D141FBFC}.Release|Any CPU.ActiveCfg = Release|Any CPU
		{D6BA7AF4-34EB-466F-8FD7-F714D141FBFC}.Release|Any CPU.Build.0 = Release|Any CPU
	EndGlobalSection
	GlobalSection(SolutionProperties) = preSolution
		HideSolutionNode = FALSE
	EndGlobalSection
	GlobalSection(ExtensibilityGlobals) = postSolution
		SolutionGuid = {2A108948-0485-42F0-BE69-B785057D8A5B}
	EndGlobalSection
EndGlobal
