
Microsoft Visual Studio Solution File, Format Version 12.00
# Visual Studio Version 16
VisualStudioVersion = 16.0.29215.179
MinimumVisualStudioVersion = 10.0.40219.1
Project("{FAE04EC0-301F-11D3-BF4B-00C04F79EFBC}") = "Module3_2", "Module3_2\Module3_2.csproj", "{08060758-7753-4D1E-8641-66DBB635F962}"
EndProject
Global
	GlobalSection(SolutionConfigurationPlatforms) = preSolution
		Debug|Any CPU = Debug|Any CPU
		Release|Any CPU = Release|Any CPU
	EndGlobalSection
	GlobalSection(ProjectConfigurationPlatforms) = postSolution
		{08060758-7753-4D1E-8641-66DBB635F962}.Debug|Any CPU.ActiveCfg = Debug|Any CPU
		{08060758-7753-4D1E-8641-66DBB635F962}.Debug|Any CPU.Build.0 = Debug|Any CPU
		{08060758-7753-4D1E-8641-66DBB635F962}.Release|Any CPU.ActiveCfg = Release|Any CPU
		{08060758-7753-4D1E-8641-66DBB635F962}.Release|Any CPU.Build.0 = Release|Any CPU
	EndGlobalSection
	GlobalSection(SolutionProperties) = preSolution
		HideSolutionNode = FALSE
	EndGlobalSection
	GlobalSection(ExtensibilityGlobals) = postSolution
		SolutionGuid = {E43E3CDA-0498-41A3-BAFB-DB0F6DED20CE}
	EndGlobalSection
EndGlobal
