
Microsoft Visual Studio Solution File, Format Version 12.00
# Visual Studio Version 16
VisualStudioVersion = 16.0.29403.142
MinimumVisualStudioVersion = 10.0.40219.1
Project("{FAE04EC0-301F-11D3-BF4B-00C04F79EFBC}") = "Module3_7", "Module3_7\Module3_7.csproj", "{A4FD269B-A41B-447B-A73F-D29A36B3CE88}"
EndProject
Global
	GlobalSection(SolutionConfigurationPlatforms) = preSolution
		Debug|Any CPU = Debug|Any CPU
		Release|Any CPU = Release|Any CPU
	EndGlobalSection
	GlobalSection(ProjectConfigurationPlatforms) = postSolution
		{A4FD269B-A41B-447B-A73F-D29A36B3CE88}.Debug|Any CPU.ActiveCfg = Debug|Any CPU
		{A4FD269B-A41B-447B-A73F-D29A36B3CE88}.Debug|Any CPU.Build.0 = Debug|Any CPU
		{A4FD269B-A41B-447B-A73F-D29A36B3CE88}.Release|Any CPU.ActiveCfg = Release|Any CPU
		{A4FD269B-A41B-447B-A73F-D29A36B3CE88}.Release|Any CPU.Build.0 = Release|Any CPU
	EndGlobalSection
	GlobalSection(SolutionProperties) = preSolution
		HideSolutionNode = FALSE
	EndGlobalSection
	GlobalSection(ExtensibilityGlobals) = postSolution
		SolutionGuid = {3CC9FD94-9D78-45B1-AD6F-E4D109228025}
	EndGlobalSection
EndGlobal
