
Microsoft Visual Studio Solution File, Format Version 12.00
# Visual Studio Version 16
VisualStudioVersion = 16.0.29403.142
MinimumVisualStudioVersion = 10.0.40219.1
Project("{FAE04EC0-301F-11D3-BF4B-00C04F79EFBC}") = "Module2_2", "Module2_2\Module2_2.csproj", "{335DC216-2FA9-4219-B034-802448C21554}"
EndProject
Global
	GlobalSection(SolutionConfigurationPlatforms) = preSolution
		Debug|Any CPU = Debug|Any CPU
		Release|Any CPU = Release|Any CPU
	EndGlobalSection
	GlobalSection(ProjectConfigurationPlatforms) = postSolution
		{335DC216-2FA9-4219-B034-802448C21554}.Debug|Any CPU.ActiveCfg = Debug|Any CPU
		{335DC216-2FA9-4219-B034-802448C21554}.Debug|Any CPU.Build.0 = Debug|Any CPU
		{335DC216-2FA9-4219-B034-802448C21554}.Release|Any CPU.ActiveCfg = Release|Any CPU
		{335DC216-2FA9-4219-B034-802448C21554}.Release|Any CPU.Build.0 = Release|Any CPU
	EndGlobalSection
	GlobalSection(SolutionProperties) = preSolution
		HideSolutionNode = FALSE
	EndGlobalSection
	GlobalSection(ExtensibilityGlobals) = postSolution
		SolutionGuid = {0304B9A3-1734-4088-9F22-C789762290BD}
	EndGlobalSection
EndGlobal
