
Microsoft Visual Studio Solution File, Format Version 12.00
# Visual Studio Version 16
VisualStudioVersion = 16.0.29215.179
MinimumVisualStudioVersion = 10.0.40219.1
Project("{FAE04EC0-301F-11D3-BF4B-00C04F79EFBC}") = "Module3_5", "Module3_5\Module3_5.csproj", "{7DD28447-C0F4-458B-BEB1-DC4E1B9ED334}"
EndProject
Global
	GlobalSection(SolutionConfigurationPlatforms) = preSolution
		Debug|Any CPU = Debug|Any CPU
		Release|Any CPU = Release|Any CPU
	EndGlobalSection
	GlobalSection(ProjectConfigurationPlatforms) = postSolution
		{7DD28447-C0F4-458B-BEB1-DC4E1B9ED334}.Debug|Any CPU.ActiveCfg = Debug|Any CPU
		{7DD28447-C0F4-458B-BEB1-DC4E1B9ED334}.Debug|Any CPU.Build.0 = Debug|Any CPU
		{7DD28447-C0F4-458B-BEB1-DC4E1B9ED334}.Release|Any CPU.ActiveCfg = Release|Any CPU
		{7DD28447-C0F4-458B-BEB1-DC4E1B9ED334}.Release|Any CPU.Build.0 = Release|Any CPU
	EndGlobalSection
	GlobalSection(SolutionProperties) = preSolution
		HideSolutionNode = FALSE
	EndGlobalSection
	GlobalSection(ExtensibilityGlobals) = postSolution
		SolutionGuid = {82D5C190-6CF0-417F-87E2-F3AA41C89527}
	EndGlobalSection
EndGlobal
