
Microsoft Visual Studio Solution File, Format Version 12.00
# Visual Studio Version 16
VisualStudioVersion = 16.0.29403.142
MinimumVisualStudioVersion = 10.0.40219.1
Project("{FAE04EC0-301F-11D3-BF4B-00C04F79EFBC}") = "Module3_3", "Module3_3\Module3_3.csproj", "{D2C7CA83-0462-4784-9B5F-C3BB3841808F}"
EndProject
Global
	GlobalSection(SolutionConfigurationPlatforms) = preSolution
		Debug|Any CPU = Debug|Any CPU
		Release|Any CPU = Release|Any CPU
	EndGlobalSection
	GlobalSection(ProjectConfigurationPlatforms) = postSolution
		{D2C7CA83-0462-4784-9B5F-C3BB3841808F}.Debug|Any CPU.ActiveCfg = Debug|Any CPU
		{D2C7CA83-0462-4784-9B5F-C3BB3841808F}.Debug|Any CPU.Build.0 = Debug|Any CPU
		{D2C7CA83-0462-4784-9B5F-C3BB3841808F}.Release|Any CPU.ActiveCfg = Release|Any CPU
		{D2C7CA83-0462-4784-9B5F-C3BB3841808F}.Release|Any CPU.Build.0 = Release|Any CPU
	EndGlobalSection
	GlobalSection(SolutionProperties) = preSolution
		HideSolutionNode = FALSE
	EndGlobalSection
	GlobalSection(ExtensibilityGlobals) = postSolution
		SolutionGuid = {E1758A44-46E2-4AD2-909A-85209986FA4C}
	EndGlobalSection
EndGlobal
